{
  "name": "submission-created",
  "version": "1.0.0",
  "lockfileVersion": 1,
  "requires": true,
  "dependencies": {
    "nodemailer": {
      "version": "6.4.4",
      "resolved": "https://registry.npmjs.org/nodemailer/-/nodemailer-6.4.4.tgz",
      "integrity": "sha512-2GqGu5o3FBmDibczU3+LZh9lCEiKmNx7LvHl512p8Kj+Kn5FQVOICZv85MDFz/erK0BDd5EJp3nqQLpWCZD1Gg=="
    }
  }
}
