# THIS IS AN AUTOGENERATED FILE. DO NOT EDIT THIS FILE DIRECTLY.
# yarn lockfile v1


nodemailer@^6.4.2:
  version "6.4.2"
  resolved "https://registry.yarnpkg.com/nodemailer/-/nodemailer-6.4.2.tgz#7147550e32cdc37453380ab78d2074533966090a"
  integrity sha512-g0n4nH1ONGvqYo1v72uSWvF/MRNnnq1LzmSzXb/6EPF3LFb51akOhgG3K2+aETAsJx90/Q5eFNTntu4vBCwyQQ==
