# THIS IS AN AUTOGENERATED FILE. DO NOT EDIT THIS FILE DIRECTLY.
# yarn lockfile v1


nodemailer@^6.4.16:
  version "6.4.16"
  resolved "https://registry.yarnpkg.com/nodemailer/-/nodemailer-6.4.16.tgz#5cb6391b1d79ab7eff32d6f9f48366b5a7117293"
  integrity sha512-68K0LgZ6hmZ7PVmwL78gzNdjpj5viqBdFqKrTtr9bZbJYj6BRj5W6WGkxXrEnUl3Co3CBXi3CZBUlpV/foGnOQ==
